Microsoft Visual Studio Solution File, Format Version 12.00
# Visual Studio Version 17
VisualStudioVersion = 17.5.2.0
MinimumVisualStudioVersion = 10.0.40219.1
Project("{FAE04EC0-301F-11D3-BF4B-00C04F79EFBC}") = "CosmosApp", "CosmosApp.csproj", "{0F3DEDED-1711-28C8-38B0-599A830722B4}"
EndProject
Global
	GlobalSection(SolutionConfigurationPlatforms) = preSolution
		Debug|Any CPU = Debug|Any CPU
		Release|Any CPU = Release|Any CPU
	EndGlobalSection
	GlobalSection(ProjectConfigurationPlatforms) = postSolution
		{0F3DEDED-1711-28C8-38B0-599A830722B4}.Debug|Any CPU.ActiveCfg = Debug|Any CPU
		{0F3DEDED-1711-28C8-38B0-599A830722B4}.Debug|Any CPU.Build.0 = Debug|Any CPU
		{0F3DEDED-1711-28C8-38B0-599A830722B4}.Release|Any CPU.ActiveCfg = Release|Any CPU
		{0F3DEDED-1711-28C8-38B0-599A830722B4}.Release|Any CPU.Build.0 = Release|Any CPU
	EndGlobalSection
	GlobalSection(SolutionProperties) = preSolution
		HideSolutionNode = FALSE
	EndGlobalSection
	GlobalSection(ExtensibilityGlobals) = postSolution
		SolutionGuid = {28899FB1-F0AA-4D30-B215-82684E539DEA}
	EndGlobalSection
EndGlobal
